// !$*UTF8*$!
{
	archiveVersion = 1;
	classes = {
	};
	objectVersion = 56;
	objects = {

/* Begin PBXBuildFile section */
		02D98FCA2901AD06001D65E1 /* CL_StatusApp.swift in Sources */ = {isa = PBXBuildFile; fileRef = 02D98FC92901AD06001D65E1 /* CL_StatusApp.swift */; };
		02D98FCC2901AD06001D65E1 /* ContentView.swift in Sources */ = {isa = PBXBuildFile; fileRef = 02D98FCB2901AD06001D65E1 /* ContentView.swift */; };
		02D98FCE2901AD08001D65E1 /* Assets.xcassets in Resources */ = {isa = PBXBuildFile; fileRef = 02D98FCD2901AD08001D65E1 /* Assets.xcassets */; };
		02D98FD22901AD08001D65E1 /* Preview Assets.xcassets in Resources */ = {isa = PBXBuildFile; fileRef = 02D98FD12901AD08001D65E1 /* Preview Assets.xcassets */; };
		02D98FDC2901AD08001D65E1 /* CL_StatusTests.swift in Sources */ = {isa = PBXBuildFile; fileRef = 02D98FDB2901AD08001D65E1 /* CL_StatusTests.swift */; };
		02D98FE62901AD08001D65E1 /* CL_StatusUITests.swift in Sources */ = {isa = PBXBuildFile; fileRef = 02D98FE52901AD08001D65E1 /* CL_StatusUITests.swift */; };
		02D98FE82901AD08001D65E1 /* CL_StatusUITestsLaunchTests.swift in Sources */ = {isa = PBXBuildFile; fileRef = 02D98FE72901AD08001D65E1 /* CL_StatusUITestsLaunchTests.swift */; };
/* End PBXBuildFile section */

/* Begin PBXContainerItemProxy section */
		02D98FD82901AD08001D65E1 /* PBXContainerItemProxy */ = {
			isa = PBXContainerItemProxy;
			containerPortal = 02D98FBE2901AD06001D65E1 /* Project object */;
			proxyType = 1;
			remoteGlobalIDString = 02D98FC52901AD06001D65E1;
			remoteInfo = CL_Status;
		};
		02D98FE22901AD08001D65E1 /* PBXContainerItemProxy */ = {
			isa = PBXContainerItemProxy;
			containerPortal = 02D98FBE2901AD06001D65E1 /* Project object */;
			proxyType = 1;
			remoteGlobalIDString = 02D98FC52901AD06001D65E1;
			remoteInfo = CL_Status;
		};
/* End PBXContainerItemProxy section */

/* Begin PBXFileReference section */
		02D98FC62901AD06001D65E1 /* CL_Status.app */ = {isa = PBXFileReference; explicitFileType = wrapper.application; includeInIndex = 0; path = CL_Status.app; sourceTree = BUILT_PRODUCTS_DIR; };
		02D98FC92901AD06001D65E1 /* CL_StatusApp.swift */ = {isa = PBXFileReference; lastKnownFileType = sourcecode.swift; path = CL_StatusApp.swift; sourceTree = "<group>"; };
		02D98FCB2901AD06001D65E1 /* ContentView.swift */ = {isa = PBXFileReference; lastKnownFileType = sourcecode.swift; path = ContentView.swift; sourceTree = "<group>"; };
		02D98FCD2901AD08001D65E1 /* Assets.xcassets */ = {isa = PBXFileReference; lastKnownFileType = folder.assetcatalog; path = Assets.xcassets; sourceTree = "<group>"; };
		02D98FCF2901AD08001D65E1 /* CL_Status.entitlements */ = {isa = PBXFileReference; lastKnownFileType = text.plist.entitlements; path = CL_Status.entitlements; sourceTree = "<group>"; };
		02D98FD12901AD08001D65E1 /* Preview Assets.xcassets */ = {isa = PBXFileReference; lastKnownFileType = folder.assetcatalog; path = "Preview Assets.xcassets"; sourceTree = "<group>"; };
		02D98FD72901AD08001D65E1 /* CL_StatusTests.xctest */ = {isa = PBXFileReference; explicitFileType = wrapper.cfbundle; includeInIndex = 0; path = CL_StatusTests.xctest; sourceTree = BUILT_PRODUCTS_DIR; };
		02D98FDB2901AD08001D65E1 /* CL_StatusTests.swift */ = {isa = PBXFileReference; lastKnownFileType = sourcecode.swift; path = CL_StatusTests.swift; sourceTree = "<group>"; };
		02D98FE12901AD08001D65E1 /* CL_StatusUITests.xctest */ = {isa = PBXFileReference; explicitFileType = wrapper.cfbundle; includeInIndex = 0; path = CL_StatusUITests.xctest; sourceTree = BUILT_PRODUCTS_DIR; };
		02D98FE52901AD08001D65E1 /* CL_StatusUITests.swift */ = {isa = PBXFileReference; lastKnownFileType = sourcecode.swift; path = CL_StatusUITests.swift; sourceTree = "<group>"; };
		02D98FE72901AD08001D65E1 /* CL_StatusUITestsLaunchTests.swift */ = {isa = PBXFileReference; lastKnownFileType = sourcecode.swift; path = CL_StatusUITestsLaunchTests.swift; sourceTree = "<group>"; };
/* End PBXFileReference section */

/* Begin PBXFrameworksBuildPhase section */
		02D98FC32901AD06001D65E1 /* Frameworks */ = {
			isa = PBXFrameworksBuildPhase;
			buildActionMask = 2147483647;
			files = (
			);
			runOnlyForDeploymentPostprocessing = 0;
		};
		02D98FD42901AD08001D65E1 /* Frameworks */ = {
			isa = PBXFrameworksBuildPhase;
			buildActionMask = 2147483647;
			files = (
			);
			runOnlyForDeploymentPostprocessing = 0;
		};
		02D98FDE2901AD08001D65E1 /* Frameworks */ = {
			isa = PBXFrameworksBuildPhase;
			buildActionMask = 2147483647;
			files = (
			);
			runOnlyForDeploymentPostprocessing = 0;
		};
/* End PBXFrameworksBuildPhase section */

/* Begin PBXGroup section */
		02D98FBD2901AD06001D65E1 = {
			isa = PBXGroup;
			children = (
				02D98FC82901AD06001D65E1 /* CL_Status */,
				02D98FDA2901AD08001D65E1 /* CL_StatusTests */,
				02D98FE42901AD08001D65E1 /* CL_StatusUITests */,
				02D98FC72901AD06001D65E1 /* Products */,
			);
			sourceTree = "<group>";
		};
		02D98FC72901AD06001D65E1 /* Products */ = {
			isa = PBXGroup;
			children = (
				02D98FC62901AD06001D65E1 /* CL_Status.app */,
				02D98FD72901AD08001D65E1 /* CL_StatusTests.xctest */,
				02D98FE12901AD08001D65E1 /* CL_StatusUITests.xctest */,
			);
			name = Products;
			sourceTree = "<group>";
		};
		02D98FC82901AD06001D65E1 /* CL_Status */ = {
			isa = PBXGroup;
			children = (
				02D98FC92901AD06001D65E1 /* CL_StatusApp.swift */,
				02D98FCB2901AD06001D65E1 /* ContentView.swift */,
				02D98FCD2901AD08001D65E1 /* Assets.xcassets */,
				02D98FCF2901AD08001D65E1 /* CL_Status.entitlements */,
				02D98FD02901AD08001D65E1 /* Preview Content */,
			);
			path = CL_Status;
			sourceTree = "<group>";
		};
		02D98FD02901AD08001D65E1 /* Preview Content */ = {
			isa = PBXGroup;
			children = (
				02D98FD12901AD08001D65E1 /* Preview Assets.xcassets */,
			);
			path = "Preview Content";
			sourceTree = "<group>";
		};
		02D98FDA2901AD08001D65E1 /* CL_StatusTests */ = {
			isa = PBXGroup;
			children = (
				02D98FDB2901AD08001D65E1 /* CL_StatusTests.swift */,
			);
			path = CL_StatusTests;
			sourceTree = "<group>";
		};
		02D98FE42901AD08001D65E1 /* CL_StatusUITests */ = {
			isa = PBXGroup;
			children = (
				02D98FE52901AD08001D65E1 /* CL_StatusUITests.swift */,
				02D98FE72901AD08001D65E1 /* CL_StatusUITestsLaunchTests.swift */,
			);
			path = CL_StatusUITests;
			sourceTree = "<group>";
		};
/* End PBXGroup section */

/* Begin PBXNativeTarget section */
		02D98FC52901AD06001D65E1 /* CL_Status */ = {
			isa = PBXNativeTarget;
			buildConfigurationList = 02D98FEB2901AD08001D65E1 /* Build configuration list for PBXNativeTarget "CL_Status" */;
			buildPhases = (
				02D98FC22901AD06001D65E1 /* Sources */,
				02D98FC32901AD06001D65E1 /* Frameworks */,
				02D98FC42901AD06001D65E1 /* Resources */,
			);
			buildRules = (
			);
			dependencies = (
			);
			name = CL_Status;
			productName = CL_Status;
			productReference = 02D98FC62901AD06001D65E1 /* CL_Status.app */;
			productType = "com.apple.product-type.application";
		};
		02D98FD62901AD08001D65E1 /* CL_StatusTests */ = {
			isa = PBXNativeTarget;
			buildConfigurationList = 02D98FEE2901AD08001D65E1 /* Build configuration list for PBXNativeTarget "CL_StatusTests" */;
			buildPhases = (
				02D98FD32901AD08001D65E1 /* Sources */,
				02D98FD42901AD08001D65E1 /* Frameworks */,
				02D98FD52901AD08001D65E1 /* Resources */,
			);
			buildRules = (
			);
			dependencies = (
				02D98FD92901AD08001D65E1 /* PBXTargetDependency */,
			);
			name = CL_StatusTests;
			productName = CL_StatusTests;
			productReference = 02D98FD72901AD08001D65E1 /* CL_StatusTests.xctest */;
			productType = "com.apple.product-type.bundle.unit-test";
		};
		02D98FE02901AD08001D65E1 /* CL_StatusUITests */ = {
			isa = PBXNativeTarget;
			buildConfigurationList = 02D98FF12901AD08001D65E1 /* Build configuration list for PBXNativeTarget "CL_StatusUITests" */;
			buildPhases = (
				02D98FDD2901AD08001D65E1 /* Sources */,
				02D98FDE2901AD08001D65E1 /* Frameworks */,
				02D98FDF2901AD08001D65E1 /* Resources */,
			);
			buildRules = (
			);
			dependencies = (
				02D98FE32901AD08001D65E1 /* PBXTargetDependency */,
			);
			name = CL_StatusUITests;
			productName = CL_StatusUITests;
			productReference = 02D98FE12901AD08001D65E1 /* CL_StatusUITests.xctest */;
			productType = "com.apple.product-type.bundle.ui-testing";
		};
/* End PBXNativeTarget section */

/* Begin PBXProject section */
		02D98FBE2901AD06001D65E1 /* Project object */ = {
			isa = PBXProject;
			attributes = {
				BuildIndependentTargetsInParallel = 1;
				LastSwiftUpdateCheck = 1410;
				LastUpgradeCheck = 1410;
				TargetAttributes = {
					02D98FC52901AD06001D65E1 = {
						CreatedOnToolsVersion = 14.1;
					};
					02D98FD62901AD08001D65E1 = {
						CreatedOnToolsVersion = 14.1;
						TestTargetID = 02D98FC52901AD06001D65E1;
					};
					02D98FE02901AD08001D65E1 = {
						CreatedOnToolsVersion = 14.1;
						TestTargetID = 02D98FC52901AD06001D65E1;
					};
				};
			};
			buildConfigurationList = 02D98FC12901AD06001D65E1 /* Build configuration list for PBXProject "CL_Status" */;
			compatibilityVersion = "Xcode 14.0";
			developmentRegion = en;
			hasScannedForEncodings = 0;
			knownRegions = (
				en,
				Base,
			);
			mainGroup = 02D98FBD2901AD06001D65E1;
			productRefGroup = 02D98FC72901AD06001D65E1 /* Products */;
			projectDirPath = "";
			projectRoot = "";
			targets = (
				02D98FC52901AD06001D65E1 /* CL_Status */,
				02D98FD62901AD08001D65E1 /* CL_StatusTests */,
				02D98FE02901AD08001D65E1 /* CL_StatusUITests */,
			);
		};
/* End PBXProject section */

/* Begin PBXResourcesBuildPhase section */
		02D98FC42901AD06001D65E1 /* Resources */ = {
			isa = PBXResourcesBuildPhase;
			buildActionMask = 2147483647;
			files = (
				02D98FD22901AD08001D65E1 /* Preview Assets.xcassets in Resources */,
				02D98FCE2901AD08001D65E1 /* Assets.xcassets in Resources */,
			);
			runOnlyForDeploymentPostprocessing = 0;
		};
		02D98FD52901AD08001D65E1 /* Resources */ = {
			isa = PBXResourcesBuildPhase;
			buildActionMask = 2147483647;
			files = (
			);
			runOnlyForDeploymentPostprocessing = 0;
		};
		02D98FDF2901AD08001D65E1 /* Resources */ = {
			isa = PBXResourcesBuildPhase;
			buildActionMask = 2147483647;
			files = (
			);
			runOnlyForDeploymentPostprocessing = 0;
		};
/* End PBXResourcesBuildPhase section */

/* Begin PBXSourcesBuildPhase section */
		02D98FC22901AD06001D65E1 /* Sources */ = {
			isa = PBXSourcesBuildPhase;
			buildActionMask = 2147483647;
			files = (
				02D98FCC2901AD06001D65E1 /* ContentView.swift in Sources */,
				02D98FCA2901AD06001D65E1 /* CL_StatusApp.swift in Sources */,
			);
			runOnlyForDeploymentPostprocessing = 0;
		};
		02D98FD32901AD08001D65E1 /* Sources */ = {
			isa = PBXSourcesBuildPhase;
			buildActionMask = 2147483647;
			files = (
				02D98FDC2901AD08001D65E1 /* CL_StatusTests.swift in Sources */,
			);
			runOnlyForDeploymentPostprocessing = 0;
		};
		02D98FDD2901AD08001D65E1 /* Sources */ = {
			isa = PBXSourcesBuildPhase;
			buildActionMask = 2147483647;
			files = (
				02D98FE62901AD08001D65E1 /* CL_StatusUITests.swift in Sources */,
				02D98FE82901AD08001D65E1 /* CL_StatusUITestsLaunchTests.swift in Sources */,
			);
			runOnlyForDeploymentPostprocessing = 0;
		};
/* End PBXSourcesBuildPhase section */

/* Begin PBXTargetDependency section */
		02D98FD92901AD08001D65E1 /* PBXTargetDependency */ = {
			isa = PBXTargetDependency;
			target = 02D98FC52901AD06001D65E1 /* CL_Status */;
			targetProxy = 02D98FD82901AD08001D65E1 /* PBXContainerItemProxy */;
		};
		02D98FE32901AD08001D65E1 /* PBXTargetDependency */ = {
			isa = PBXTargetDependency;
			target = 02D98FC52901AD06001D65E1 /* CL_Status */;
			targetProxy = 02D98FE22901AD08001D65E1 /* PBXContainerItemProxy */;
		};
/* End PBXTargetDependency section */

/* Begin XCBuildConfiguration section */
		02D98FE92901AD08001D65E1 /* Debug */ = {
			isa = XCBuildConfiguration;
			buildSettings = {
				ALWAYS_SEARCH_USER_PATHS = NO;
				CLANG_ANALYZER_NONNULL = YES;
				CLANG_ANALYZER_NUMBER_OBJECT_CONVERSION = YES_AGGRESSIVE;
				CLANG_CXX_LANGUAGE_STANDARD = "gnu++20";
				CLANG_ENABLE_MODULES = YES;
				CLANG_ENABLE_OBJC_ARC = YES;
				CLANG_ENABLE_OBJC_WEAK = YES;
				CLANG_WARN_BLOCK_CAPTURE_AUTORELEASING = YES;
				CLANG_WARN_BOOL_CONVERSION = YES;
				CLANG_WARN_COMMA = YES;
				CLANG_WARN_CONSTANT_CONVERSION = YES;
				CLANG_WARN_DEPRECATED_OBJC_IMPLEMENTATIONS = YES;
				CLANG_WARN_DIRECT_OBJC_ISA_USAGE = YES_ERROR;
				CLANG_WARN_DOCUMENTATION_COMMENTS = YES;
				CLANG_WARN_EMPTY_BODY = YES;
				CLANG_WARN_ENUM_CONVERSION = YES;
				CLANG_WARN_INFINITE_RECURSION = YES;
				CLANG_WARN_INT_CONVERSION = YES;
				CLANG_WARN_NON_LITERAL_NULL_CONVERSION = YES;
				CLANG_WARN_OBJC_IMPLICIT_RETAIN_SELF = YES;
				CLANG_WARN_OBJC_LITERAL_CONVERSION = YES;
				CLANG_WARN_OBJC_ROOT_CLASS = YES_ERROR;
				CLANG_WARN_QUOTED_INCLUDE_IN_FRAMEWORK_HEADER = YES;
				CLANG_WARN_RANGE_LOOP_ANALYSIS = YES;
				CLANG_WARN_STRICT_PROTOTYPES = YES;
				CLANG_WARN_SUSPICIOUS_MOVE = YES;
				CLANG_WARN_UNGUARDED_AVAILABILITY = YES_AGGRESSIVE;
				CLANG_WARN_UNREACHABLE_CODE = YES;
				CLANG_WARN__DUPLICATE_METHOD_MATCH = YES;
				COPY_PHASE_STRIP = NO;
				DEBUG_INFORMATION_FORMAT = dwarf;
				ENABLE_STRICT_OBJC_MSGSEND = YES;
				ENABLE_TESTABILITY = YES;
				GCC_C_LANGUAGE_STANDARD = gnu11;
				GCC_DYNAMIC_NO_PIC = NO;
				GCC_NO_COMMON_BLOCKS = YES;
				GCC_OPTIMIZATION_LEVEL = 0;
				GCC_PREPROCESSOR_DEFINITIONS = (
					"DEBUG=1",
					"$(inherited)",
				);
				GCC_WARN_64_TO_32_BIT_CONVERSION = YES;
				GCC_WARN_ABOUT_RETURN_TYPE = YES_ERROR;
				GCC_WARN_UNDECLARED_SELECTOR = YES;
				GCC_WARN_UNINITIALIZED_AUTOS = YES_AGGRESSIVE;
				GCC_WARN_UNUSED_FUNCTION = YES;
				GCC_WARN_UNUSED_VARIABLE = YES;
				MTL_ENABLE_DEBUG_INFO = INCLUDE_SOURCE;
				MTL_FAST_MATH = YES;
				ONLY_ACTIVE_ARCH = YES;
				SWIFT_ACTIVE_COMPILATION_CONDITIONS = DEBUG;
				SWIFT_OPTIMIZATION_LEVEL = "-Onone";
			};
			name = Debug;
		};
		02D98FEA2901AD08001D65E1 /* Release */ = {
			isa = XCBuildConfiguration;
			buildSettings = {
				ALWAYS_SEARCH_USER_PATHS = NO;
				CLANG_ANALYZER_NONNULL = YES;
				CLANG_ANALYZER_NUMBER_OBJECT_CONVERSION = YES_AGGRESSIVE;
				CLANG_CXX_LANGUAGE_STANDARD = "gnu++20";
				CLANG_ENABLE_MODULES = YES;
				CLANG_ENABLE_OBJC_ARC = YES;
				CLANG_ENABLE_OBJC_WEAK = YES;
				CLANG_WARN_BLOCK_CAPTURE_AUTORELEASING = YES;
				CLANG_WARN_BOOL_CONVERSION = YES;
				CLANG_WARN_COMMA = YES;
				CLANG_WARN_CONSTANT_CONVERSION = YES;
				CLANG_WARN_DEPRECATED_OBJC_IMPLEMENTATIONS = YES;
				CLANG_WARN_DIRECT_OBJC_ISA_USAGE = YES_ERROR;
				CLANG_WARN_DOCUMENTATION_COMMENTS = YES;
				CLANG_WARN_EMPTY_BODY = YES;
				CLANG_WARN_ENUM_CONVERSION = YES;
				CLANG_WARN_INFINITE_RECURSION = YES;
				CLANG_WARN_INT_CONVERSION = YES;
				CLANG_WARN_NON_LITERAL_NULL_CONVERSION = YES;
				CLANG_WARN_OBJC_IMPLICIT_RETAIN_SELF = YES;
				CLANG_WARN_OBJC_LITERAL_CONVERSION = YES;
				CLANG_WARN_OBJC_ROOT_CLASS = YES_ERROR;
				CLANG_WARN_QUOTED_INCLUDE_IN_FRAMEWORK_HEADER = YES;
				CLANG_WARN_RANGE_LOOP_ANALYSIS = YES;
				CLANG_WARN_STRICT_PROTOTYPES = YES;
				CLANG_WARN_SUSPICIOUS_MOVE = YES;
				CLANG_WARN_UNGUARDED_AVAILABILITY = YES_AGGRESSIVE;
				CLANG_WARN_UNREACHABLE_CODE = YES;
				CLANG_WARN__DUPLICATE_METHOD_MATCH = YES;
				COPY_PHASE_STRIP = NO;
				DEBUG_INFORMATION_FORMAT = "dwarf-with-dsym";
				ENABLE_NS_ASSERTIONS = NO;
				ENABLE_STRICT_OBJC_MSGSEND = YES;
				GCC_C_LANGUAGE_STANDARD = gnu11;
				GCC_NO_COMMON_BLOCKS = YES;
				GCC_WARN_64_TO_32_BIT_CONVERSION = YES;
				GCC_WARN_ABOUT_RETURN_TYPE = YES_ERROR;
				GCC_WARN_UNDECLARED_SELECTOR = YES;
				GCC_WARN_UNINITIALIZED_AUTOS = YES_AGGRESSIVE;
				GCC_WARN_UNUSED_FUNCTION = YES;
				GCC_WARN_UNUSED_VARIABLE = YES;
				MTL_ENABLE_DEBUG_INFO = NO;
				MTL_FAST_MATH = YES;
				SWIFT_COMPILATION_MODE = wholemodule;
				SWIFT_OPTIMIZATION_LEVEL = "-O";
			};
			name = Release;
		};
		02D98FEC2901AD08001D65E1 /* Debug */ = {
			isa = XCBuildConfiguration;
			buildSettings = {
				ASSETCATALOG_COMPILER_APPICON_NAME = AppIcon;
				ASSETCATALOG_COMPILER_GLOBAL_ACCENT_COLOR_NAME = AccentColor;
				CODE_SIGN_ENTITLEMENTS = CL_Status/CL_Status.entitlements;
				CODE_SIGN_STYLE = Automatic;
				CURRENT_PROJECT_VERSION = 1;
				DEVELOPMENT_ASSET_PATHS = "\"CL_Status/Preview Content\"";
				DEVELOPMENT_TEAM = 4S29G62RQZ;
				ENABLE_HARDENED_RUNTIME = YES;
				ENABLE_PREVIEWS = YES;
				GENERATE_INFOPLIST_FILE = YES;
				"INFOPLIST_KEY_UIApplicationSceneManifest_Generation[sdk=iphoneos*]" = YES;
				"INFOPLIST_KEY_UIApplicationSceneManifest_Generation[sdk=iphonesimulator*]" = YES;
				"INFOPLIST_KEY_UIApplicationSupportsIndirectInputEvents[sdk=iphoneos*]" = YES;
				"INFOPLIST_KEY_UIApplicationSupportsIndirectInputEvents[sdk=iphonesimulator*]" = YES;
				"INFOPLIST_KEY_UILaunchScreen_Generation[sdk=iphoneos*]" = YES;
				"INFOPLIST_KEY_UILaunchScreen_Generation[sdk=iphonesimulator*]" = YES;
				"INFOPLIST_KEY_UIStatusBarStyle[sdk=iphoneos*]" = UIStatusBarStyleDefault;
				"INFOPLIST_KEY_UIStatusBarStyle[sdk=iphonesimulator*]" = UIStatusBarStyleDefault;
				INFOPLIST_KEY_UISupportedInterfaceOrientations_iPad = "UIInterfaceOrientationPortrait UIInterfaceOrientationPortraitUpsideDown UIInterfaceOrientationLandscapeLeft UIInterfaceOrientationLandscapeRight";
				INFOPLIST_KEY_UISupportedInterfaceOrientations_iPhone = "UIInterfaceOrientationPortrait UIInterfaceOrientationLandscapeLeft UIInterfaceOrientationLandscapeRight";
				IPHONEOS_DEPLOYMENT_TARGET = 16.1;
				LD_RUNPATH_SEARCH_PATHS = "@executable_path/Frameworks";
				"LD_RUNPATH_SEARCH_PATHS[sdk=macosx*]" = "@executable_path/../Frameworks";
				MACOSX_DEPLOYMENT_TARGET = 13.0;
				MARKETING_VERSION = 1.0;
				PRODUCT_BUNDLE_IDENTIFIER = "com.andreas16700.CL-Status";
				PRODUCT_NAME = "$(TARGET_NAME)";
				SDKROOT = auto;
				SUPPORTED_PLATFORMS = "iphoneos iphonesimulator macosx";
				SWIFT_EMIT_LOC_STRINGS = YES;
				SWIFT_VERSION = 5.0;
				TARGETED_DEVICE_FAMILY = "1,2";
			};
			name = Debug;
		};
		02D98FED2901AD08001D65E1 /* Release */ = {
			isa = XCBuildConfiguration;
			buildSettings = {
				ASSETCATALOG_COMPILER_APPICON_NAME = AppIcon;
				ASSETCATALOG_COMPILER_GLOBAL_ACCENT_COLOR_NAME = AccentColor;
				CODE_SIGN_ENTITLEMENTS = CL_Status/CL_Status.entitlements;
				CODE_SIGN_STYLE = Automatic;
				CURRENT_PROJECT_VERSION = 1;
				DEVELOPMENT_ASSET_PATHS = "\"CL_Status/Preview Content\"";
				DEVELOPMENT_TEAM = 4S29G62RQZ;
				ENABLE_HARDENED_RUNTIME = YES;
				ENABLE_PREVIEWS = YES;
				GENERATE_INFOPLIST_FILE = YES;
				"INFOPLIST_KEY_UIApplicationSceneManifest_Generation[sdk=iphoneos*]" = YES;
				"INFOPLIST_KEY_UIApplicationSceneManifest_Generation[sdk=iphonesimulator*]" = YES;
				"INFOPLIST_KEY_UIApplicationSupportsIndirectInputEvents[sdk=iphoneos*]" = YES;
				"INFOPLIST_KEY_UIApplicationSupportsIndirectInputEvents[sdk=iphonesimulator*]" = YES;
				"INFOPLIST_KEY_UILaunchScreen_Generation[sdk=iphoneos*]" = YES;
				"INFOPLIST_KEY_UILaunchScreen_Generation[sdk=iphonesimulator*]" = YES;
				"INFOPLIST_KEY_UIStatusBarStyle[sdk=iphoneos*]" = UIStatusBarStyleDefault;
				"INFOPLIST_KEY_UIStatusBarStyle[sdk=iphonesimulator*]" = UIStatusBarStyleDefault;
				INFOPLIST_KEY_UISupportedInterfaceOrientations_iPad = "UIInterfaceOrientationPortrait UIInterfaceOrientationPortraitUpsideDown UIInterfaceOrientationLandscapeLeft UIInterfaceOrientationLandscapeRight";
				INFOPLIST_KEY_UISupportedInterfaceOrientations_iPhone = "UIInterfaceOrientationPortrait UIInterfaceOrientationLandscapeLeft UIInterfaceOrientationLandscapeRight";
				IPHONEOS_DEPLOYMENT_TARGET = 16.1;
				LD_RUNPATH_SEARCH_PATHS = "@executable_path/Frameworks";
				"LD_RUNPATH_SEARCH_PATHS[sdk=macosx*]" = "@executable_path/../Frameworks";
				MACOSX_DEPLOYMENT_TARGET = 13.0;
				MARKETING_VERSION = 1.0;
				PRODUCT_BUNDLE_IDENTIFIER = "com.andreas16700.CL-Status";
				PRODUCT_NAME = "$(TARGET_NAME)";
				SDKROOT = auto;
				SUPPORTED_PLATFORMS = "iphoneos iphonesimulator macosx";
				SWIFT_EMIT_LOC_STRINGS = YES;
				SWIFT_VERSION = 5.0;
				TARGETED_DEVICE_FAMILY = "1,2";
			};
			name = Release;
		};
		02D98FEF2901AD08001D65E1 /* Debug */ = {
			isa = XCBuildConfiguration;
			buildSettings = {
				ALWAYS_EMBED_SWIFT_STANDARD_LIBRARIES = YES;
				BUNDLE_LOADER = "$(TEST_HOST)";
				CODE_SIGN_STYLE = Automatic;
				CURRENT_PROJECT_VERSION = 1;
				DEVELOPMENT_TEAM = 4S29G62RQZ;
				GENERATE_INFOPLIST_FILE = YES;
				IPHONEOS_DEPLOYMENT_TARGET = 16.1;
				MACOSX_DEPLOYMENT_TARGET = 13.0;
				MARKETING_VERSION = 1.0;
				PRODUCT_BUNDLE_IDENTIFIER = "com.andreas16700.CL-StatusTests";
				PRODUCT_NAME = "$(TARGET_NAME)";
				SDKROOT = auto;
				SUPPORTED_PLATFORMS = "iphoneos iphonesimulator macosx";
				SWIFT_EMIT_LOC_STRINGS = NO;
				SWIFT_VERSION = 5.0;
				TARGETED_DEVICE_FAMILY = "1,2";
				TEST_HOST = "$(BUILT_PRODUCTS_DIR)/CL_Status.app/$(BUNDLE_EXECUTABLE_FOLDER_PATH)/CL_Status";
			};
			name = Debug;
		};
		02D98FF02901AD08001D65E1 /* Release */ = {
			isa = XCBuildConfiguration;
			buildSettings = {
				ALWAYS_EMBED_SWIFT_STANDARD_LIBRARIES = YES;
				BUNDLE_LOADER = "$(TEST_HOST)";
				CODE_SIGN_STYLE = Automatic;
				CURRENT_PROJECT_VERSION = 1;
				DEVELOPMENT_TEAM = 4S29G62RQZ;
				GENERATE_INFOPLIST_FILE = YES;
				IPHONEOS_DEPLOYMENT_TARGET = 16.1;
				MACOSX_DEPLOYMENT_TARGET = 13.0;
				MARKETING_VERSION = 1.0;
				PRODUCT_BUNDLE_IDENTIFIER = "com.andreas16700.CL-StatusTests";
				PRODUCT_NAME = "$(TARGET_NAME)";
				SDKROOT = auto;
				SUPPORTED_PLATFORMS = "iphoneos iphonesimulator macosx";
				SWIFT_EMIT_LOC_STRINGS = NO;
				SWIFT_VERSION = 5.0;
				TARGETED_DEVICE_FAMILY = "1,2";
				TEST_HOST = "$(BUILT_PRODUCTS_DIR)/CL_Status.app/$(BUNDLE_EXECUTABLE_FOLDER_PATH)/CL_Status";
			};
			name = Release;
		};
		02D98FF22901AD08001D65E1 /* Debug */ = {
			isa = XCBuildConfiguration;
			buildSettings = {
				ALWAYS_EMBED_SWIFT_STANDARD_LIBRARIES = YES;
				CODE_SIGN_STYLE = Automatic;
				CURRENT_PROJECT_VERSION = 1;
				DEVELOPMENT_TEAM = 4S29G62RQZ;
				GENERATE_INFOPLIST_FILE = YES;
				IPHONEOS_DEPLOYMENT_TARGET = 16.1;
				MACOSX_DEPLOYMENT_TARGET = 13.0;
				MARKETING_VERSION = 1.0;
				PRODUCT_BUNDLE_IDENTIFIER = "com.andreas16700.CL-StatusUITests";
				PRODUCT_NAME = "$(TARGET_NAME)";
				SDKROOT = auto;
				SUPPORTED_PLATFORMS = "iphoneos iphonesimulator macosx";
				SWIFT_EMIT_LOC_STRINGS = NO;
				SWIFT_VERSION = 5.0;
				TARGETED_DEVICE_FAMILY = "1,2";
				TEST_TARGET_NAME = CL_Status;
			};
			name = Debug;
		};
		02D98FF32901AD08001D65E1 /* Release */ = {
			isa = XCBuildConfiguration;
			buildSettings = {
				ALWAYS_EMBED_SWIFT_STANDARD_LIBRARIES = YES;
				CODE_SIGN_STYLE = Automatic;
				CURRENT_PROJECT_VERSION = 1;
				DEVELOPMENT_TEAM = 4S29G62RQZ;
				GENERATE_INFOPLIST_FILE = YES;
				IPHONEOS_DEPLOYMENT_TARGET = 16.1;
				MACOSX_DEPLOYMENT_TARGET = 13.0;
				MARKETING_VERSION = 1.0;
				PRODUCT_BUNDLE_IDENTIFIER = "com.andreas16700.CL-StatusUITests";
				PRODUCT_NAME = "$(TARGET_NAME)";
				SDKROOT = auto;
				SUPPORTED_PLATFORMS = "iphoneos iphonesimulator macosx";
				SWIFT_EMIT_LOC_STRINGS = NO;
				SWIFT_VERSION = 5.0;
				TARGETED_DEVICE_FAMILY = "1,2";
				TEST_TARGET_NAME = CL_Status;
			};
			name = Release;
		};
/* End XCBuildConfiguration section */

/* Begin XCConfigurationList section */
		02D98FC12901AD06001D65E1 /* Build configuration list for PBXProject "CL_Status" */ = {
			isa = XCConfigurationList;
			buildConfigurations = (
				02D98FE92901AD08001D65E1 /* Debug */,
				02D98FEA2901AD08001D65E1 /* Release */,
			);
			defaultConfigurationIsVisible = 0;
			defaultConfigurationName = Release;
		};
		02D98FEB2901AD08001D65E1 /* Build configuration list for PBXNativeTarget "CL_Status" */ = {
			isa = XCConfigurationList;
			buildConfigurations = (
				02D98FEC2901AD08001D65E1 /* Debug */,
				02D98FED2901AD08001D65E1 /* Release */,
			);
			defaultConfigurationIsVisible = 0;
			defaultConfigurationName = Release;
		};
		02D98FEE2901AD08001D65E1 /* Build configuration list for PBXNativeTarget "CL_StatusTests" */ = {
			isa = XCConfigurationList;
			buildConfigurations = (
				02D98FEF2901AD08001D65E1 /* Debug */,
				02D98FF02901AD08001D65E1 /* Release */,
			);
			defaultConfigurationIsVisible = 0;
			defaultConfigurationName = Release;
		};
		02D98FF12901AD08001D65E1 /* Build configuration list for PBXNativeTarget "CL_StatusUITests" */ = {
			isa = XCConfigurationList;
			buildConfigurations = (
				02D98FF22901AD08001D65E1 /* Debug */,
				02D98FF32901AD08001D65E1 /* Release */,
			);
			defaultConfigurationIsVisible = 0;
			defaultConfigurationName = Release;
		};
/* End XCConfigurationList section */
	};
	rootObject = 02D98FBE2901AD06001D65E1 /* Project object */;
}
